// !$*UTF8*$!
{
	archiveVersion = 1;
	classes = {
	};
	objectVersion = 56;
	objects = {

/* Begin PBXBuildFile section */
		A7C531762A6600F200A2FBA3 /* BlaBlaApp.swift in Sources */ = {isa = PBXBuildFile; fileRef = A7C531752A6600F200A2FBA3 /* BlaBlaApp.swift */; };
		A7C531782A6600F200A2FBA3 /* Persistence.swift in Sources */ = {isa = PBXBuildFile; fileRef = A7C531772A6600F200A2FBA3 /* Persistence.swift */; };
		A7C5317B2A6600F200A2FBA3 /* BlaBla.xcdatamodeld in Sources */ = {isa = PBXBuildFile; fileRef = A7C531792A6600F200A2FBA3 /* BlaBla.xcdatamodeld */; };
		A7C5317D2A6600F200A2FBA3 /* ContentView.swift in Sources */ = {isa = PBXBuildFile; fileRef = A7C5317C2A6600F200A2FBA3 /* ContentView.swift */; };
		A7C5317F2A6600F400A2FBA3 /* Assets.xcassets in Resources */ = {isa = PBXBuildFile; fileRef = A7C5317E2A6600F400A2FBA3 /* Assets.xcassets */; };
		A7C531832A6600F400A2FBA3 /* Preview Assets.xcassets in Resources */ = {isa = PBXBuildFile; fileRef = A7C531822A6600F400A2FBA3 /* Preview Assets.xcassets */; };
		A7C5318D2A6600F400A2FBA3 /* BlaBlaTests.swift in Sources */ = {isa = PBXBuildFile; fileRef = A7C5318C2A6600F400A2FBA3 /* BlaBlaTests.swift */; };
		A7C531972A6600F400A2FBA3 /* BlaBlaUITests.swift in Sources */ = {isa = PBXBuildFile; fileRef = A7C531962A6600F400A2FBA3 /* BlaBlaUITests.swift */; };
		A7C531992A6600F400A2FBA3 /* BlaBlaUITestsLaunchTests.swift in Sources */ = {isa = PBXBuildFile; fileRef = A7C531982A6600F400A2FBA3 /* BlaBlaUITestsLaunchTests.swift */; };
/* End PBXBuildFile section */

/* Begin PBXContainerItemProxy section */
		A7C531892A6600F400A2FBA3 /* PBXContainerItemProxy */ = {
			isa = PBXContainerItemProxy;
			containerPortal = A7C5316A2A6600F200A2FBA3 /* Project object */;
			proxyType = 1;
			remoteGlobalIDString = A7C531712A6600F200A2FBA3;
			remoteInfo = BlaBla;
		};
		A7C531932A6600F400A2FBA3 /* PBXContainerItemProxy */ = {
			isa = PBXContainerItemProxy;
			containerPortal = A7C5316A2A6600F200A2FBA3 /* Project object */;
			proxyType = 1;
			remoteGlobalIDString = A7C531712A6600F200A2FBA3;
			remoteInfo = BlaBla;
		};
/* End PBXContainerItemProxy section */

/* Begin PBXFileReference section */
		A7C531722A6600F200A2FBA3 /* BlaBla.app */ = {isa = PBXFileReference; explicitFileType = wrapper.application; includeInIndex = 0; path = BlaBla.app; sourceTree = BUILT_PRODUCTS_DIR; };
		A7C531752A6600F200A2FBA3 /* BlaBlaApp.swift */ = {isa = PBXFileReference; lastKnownFileType = sourcecode.swift; path = BlaBlaApp.swift; sourceTree = "<group>"; };
		A7C531772A6600F200A2FBA3 /* Persistence.swift */ = {isa = PBXFileReference; lastKnownFileType = sourcecode.swift; path = Persistence.swift; sourceTree = "<group>"; };
		A7C5317A2A6600F200A2FBA3 /* BlaBla.xcdatamodel */ = {isa = PBXFileReference; lastKnownFileType = wrapper.xcdatamodel; path = BlaBla.xcdatamodel; sourceTree = "<group>"; };
		A7C5317C2A6600F200A2FBA3 /* ContentView.swift */ = {isa = PBXFileReference; lastKnownFileType = sourcecode.swift; path = ContentView.swift; sourceTree = "<group>"; };
		A7C5317E2A6600F400A2FBA3 /* Assets.xcassets */ = {isa = PBXFileReference; lastKnownFileType = folder.assetcatalog; path = Assets.xcassets; sourceTree = "<group>"; };
		A7C531802A6600F400A2FBA3 /* BlaBla.entitlements */ = {isa = PBXFileReference; lastKnownFileType = text.plist.entitlements; path = BlaBla.entitlements; sourceTree = "<group>"; };
		A7C531822A6600F400A2FBA3 /* Preview Assets.xcassets */ = {isa = PBXFileReference; lastKnownFileType = folder.assetcatalog; path = "Preview Assets.xcassets"; sourceTree = "<group>"; };
		A7C531882A6600F400A2FBA3 /* BlaBlaTests.xctest */ = {isa = PBXFileReference; explicitFileType = wrapper.cfbundle; includeInIndex = 0; path = BlaBlaTests.xctest; sourceTree = BUILT_PRODUCTS_DIR; };
		A7C5318C2A6600F400A2FBA3 /* BlaBlaTests.swift */ = {isa = PBXFileReference; lastKnownFileType = sourcecode.swift; path = BlaBlaTests.swift; sourceTree = "<group>"; };
		A7C531922A6600F400A2FBA3 /* BlaBlaUITests.xctest */ = {isa = PBXFileReference; explicitFileType = wrapper.cfbundle; includeInIndex = 0; path = BlaBlaUITests.xctest; sourceTree = BUILT_PRODUCTS_DIR; };
		A7C531962A6600F400A2FBA3 /* BlaBlaUITests.swift */ = {isa = PBXFileReference; lastKnownFileType = sourcecode.swift; path = BlaBlaUITests.swift; sourceTree = "<group>"; };
		A7C531982A6600F400A2FBA3 /* BlaBlaUITestsLaunchTests.swift */ = {isa = PBXFileReference; lastKnownFileType = sourcecode.swift; path = BlaBlaUITestsLaunchTests.swift; sourceTree = "<group>"; };
/* End PBXFileReference section */

/* Begin PBXFrameworksBuildPhase section */
		A7C5316F2A6600F200A2FBA3 /* Frameworks */ = {
			isa = PBXFrameworksBuildPhase;
			buildActionMask = 2147483647;
			files = (
			);
			runOnlyForDeploymentPostprocessing = 0;
		};
		A7C531852A6600F400A2FBA3 /* Frameworks */ = {
			isa = PBXFrameworksBuildPhase;
			buildActionMask = 2147483647;
			files = (
			);
			runOnlyForDeploymentPostprocessing = 0;
		};
		A7C5318F2A6600F400A2FBA3 /* Frameworks */ = {
			isa = PBXFrameworksBuildPhase;
			buildActionMask = 2147483647;
			files = (
			);
			runOnlyForDeploymentPostprocessing = 0;
		};
/* End PBXFrameworksBuildPhase section */

/* Begin PBXGroup section */
		A7C531692A6600F200A2FBA3 = {
			isa = PBXGroup;
			children = (
				A7C531742A6600F200A2FBA3 /* BlaBla */,
				A7C5318B2A6600F400A2FBA3 /* BlaBlaTests */,
				A7C531952A6600F400A2FBA3 /* BlaBlaUITests */,
				A7C531732A6600F200A2FBA3 /* Products */,
			);
			sourceTree = "<group>";
		};
		A7C531732A6600F200A2FBA3 /* Products */ = {
			isa = PBXGroup;
			children = (
				A7C531722A6600F200A2FBA3 /* BlaBla.app */,
				A7C531882A6600F400A2FBA3 /* BlaBlaTests.xctest */,
				A7C531922A6600F400A2FBA3 /* BlaBlaUITests.xctest */,
			);
			name = Products;
			sourceTree = "<group>";
		};
		A7C531742A6600F200A2FBA3 /* BlaBla */ = {
			isa = PBXGroup;
			children = (
				A7C531752A6600F200A2FBA3 /* BlaBlaApp.swift */,
				A7C531772A6600F200A2FBA3 /* Persistence.swift */,
				A7C5317C2A6600F200A2FBA3 /* ContentView.swift */,
				A7C5317E2A6600F400A2FBA3 /* Assets.xcassets */,
				A7C531802A6600F400A2FBA3 /* BlaBla.entitlements */,
				A7C531792A6600F200A2FBA3 /* BlaBla.xcdatamodeld */,
				A7C531812A6600F400A2FBA3 /* Preview Content */,
			);
			path = BlaBla;
			sourceTree = "<group>";
		};
		A7C531812A6600F400A2FBA3 /* Preview Content */ = {
			isa = PBXGroup;
			children = (
				A7C531822A6600F400A2FBA3 /* Preview Assets.xcassets */,
			);
			path = "Preview Content";
			sourceTree = "<group>";
		};
		A7C5318B2A6600F400A2FBA3 /* BlaBlaTests */ = {
			isa = PBXGroup;
			children = (
				A7C5318C2A6600F400A2FBA3 /* BlaBlaTests.swift */,
			);
			path = BlaBlaTests;
			sourceTree = "<group>";
		};
		A7C531952A6600F400A2FBA3 /* BlaBlaUITests */ = {
			isa = PBXGroup;
			children = (
				A7C531962A6600F400A2FBA3 /* BlaBlaUITests.swift */,
				A7C531982A6600F400A2FBA3 /* BlaBlaUITestsLaunchTests.swift */,
			);
			path = BlaBlaUITests;
			sourceTree = "<group>";
		};
/* End PBXGroup section */

/* Begin PBXNativeTarget section */
		A7C531712A6600F200A2FBA3 /* BlaBla */ = {
			isa = PBXNativeTarget;
			buildConfigurationList = A7C5319C2A6600F400A2FBA3 /* Build configuration list for PBXNativeTarget "BlaBla" */;
			buildPhases = (
				A7C5316E2A6600F200A2FBA3 /* Sources */,
				A7C5316F2A6600F200A2FBA3 /* Frameworks */,
				A7C531702A6600F200A2FBA3 /* Resources */,
			);
			buildRules = (
			);
			dependencies = (
			);
			name = BlaBla;
			productName = BlaBla;
			productReference = A7C531722A6600F200A2FBA3 /* BlaBla.app */;
			productType = "com.apple.product-type.application";
		};
		A7C531872A6600F400A2FBA3 /* BlaBlaTests */ = {
			isa = PBXNativeTarget;
			buildConfigurationList = A7C5319F2A6600F400A2FBA3 /* Build configuration list for PBXNativeTarget "BlaBlaTests" */;
			buildPhases = (
				A7C531842A6600F400A2FBA3 /* Sources */,
				A7C531852A6600F400A2FBA3 /* Frameworks */,
				A7C531862A6600F400A2FBA3 /* Resources */,
			);
			buildRules = (
			);
			dependencies = (
				A7C5318A2A6600F400A2FBA3 /* PBXTargetDependency */,
			);
			name = BlaBlaTests;
			productName = BlaBlaTests;
			productReference = A7C531882A6600F400A2FBA3 /* BlaBlaTests.xctest */;
			productType = "com.apple.product-type.bundle.unit-test";
		};
		A7C531912A6600F400A2FBA3 /* BlaBlaUITests */ = {
			isa = PBXNativeTarget;
			buildConfigurationList = A7C531A22A6600F400A2FBA3 /* Build configuration list for PBXNativeTarget "BlaBlaUITests" */;
			buildPhases = (
				A7C5318E2A6600F400A2FBA3 /* Sources */,
				A7C5318F2A6600F400A2FBA3 /* Frameworks */,
				A7C531902A6600F400A2FBA3 /* Resources */,
			);
			buildRules = (
			);
			dependencies = (
				A7C531942A6600F400A2FBA3 /* PBXTargetDependency */,
			);
			name = BlaBlaUITests;
			productName = BlaBlaUITests;
			productReference = A7C531922A6600F400A2FBA3 /* BlaBlaUITests.xctest */;
			productType = "com.apple.product-type.bundle.ui-testing";
		};
/* End PBXNativeTarget section */

/* Begin PBXProject section */
		A7C5316A2A6600F200A2FBA3 /* Project object */ = {
			isa = PBXProject;
			attributes = {
				BuildIndependentTargetsInParallel = 1;
				LastSwiftUpdateCheck = 1430;
				LastUpgradeCheck = 1430;
				TargetAttributes = {
					A7C531712A6600F200A2FBA3 = {
						CreatedOnToolsVersion = 14.3.1;
					};
					A7C531872A6600F400A2FBA3 = {
						CreatedOnToolsVersion = 14.3.1;
						TestTargetID = A7C531712A6600F200A2FBA3;
					};
					A7C531912A6600F400A2FBA3 = {
						CreatedOnToolsVersion = 14.3.1;
						TestTargetID = A7C531712A6600F200A2FBA3;
					};
				};
			};
			buildConfigurationList = A7C5316D2A6600F200A2FBA3 /* Build configuration list for PBXProject "BlaBla" */;
			compatibilityVersion = "Xcode 14.0";
			developmentRegion = en;
			hasScannedForEncodings = 0;
			knownRegions = (
				en,
				Base,
			);
			mainGroup = A7C531692A6600F200A2FBA3;
			productRefGroup = A7C531732A6600F200A2FBA3 /* Products */;
			projectDirPath = "";
			projectRoot = "";
			targets = (
				A7C531712A6600F200A2FBA3 /* BlaBla */,
				A7C531872A6600F400A2FBA3 /* BlaBlaTests */,
				A7C531912A6600F400A2FBA3 /* BlaBlaUITests */,
			);
		};
/* End PBXProject section */

/* Begin PBXResourcesBuildPhase section */
		A7C531702A6600F200A2FBA3 /* Resources */ = {
			isa = PBXResourcesBuildPhase;
			buildActionMask = 2147483647;
			files = (
				A7C531832A6600F400A2FBA3 /* Preview Assets.xcassets in Resources */,
				A7C5317F2A6600F400A2FBA3 /* Assets.xcassets in Resources */,
			);
			runOnlyForDeploymentPostprocessing = 0;
		};
		A7C531862A6600F400A2FBA3 /* Resources */ = {
			isa = PBXResourcesBuildPhase;
			buildActionMask = 2147483647;
			files = (
			);
			runOnlyForDeploymentPostprocessing = 0;
		};
		A7C531902A6600F400A2FBA3 /* Resources */ = {
			isa = PBXResourcesBuildPhase;
			buildActionMask = 2147483647;
			files = (
			);
			runOnlyForDeploymentPostprocessing = 0;
		};
/* End PBXResourcesBuildPhase section */

/* Begin PBXSourcesBuildPhase section */
		A7C5316E2A6600F200A2FBA3 /* Sources */ = {
			isa = PBXSourcesBuildPhase;
			buildActionMask = 2147483647;
			files = (
				A7C5317B2A6600F200A2FBA3 /* BlaBla.xcdatamodeld in Sources */,
				A7C531762A6600F200A2FBA3 /* BlaBlaApp.swift in Sources */,
				A7C5317D2A6600F200A2FBA3 /* ContentView.swift in Sources */,
				A7C531782A6600F200A2FBA3 /* Persistence.swift in Sources */,
			);
			runOnlyForDeploymentPostprocessing = 0;
		};
		A7C531842A6600F400A2FBA3 /* Sources */ = {
			isa = PBXSourcesBuildPhase;
			buildActionMask = 2147483647;
			files = (
				A7C5318D2A6600F400A2FBA3 /* BlaBlaTests.swift in Sources */,
			);
			runOnlyForDeploymentPostprocessing = 0;
		};
		A7C5318E2A6600F400A2FBA3 /* Sources */ = {
			isa = PBXSourcesBuildPhase;
			buildActionMask = 2147483647;
			files = (
				A7C531992A6600F400A2FBA3 /* BlaBlaUITestsLaunchTests.swift in Sources */,
				A7C531972A6600F400A2FBA3 /* BlaBlaUITests.swift in Sources */,
			);
			runOnlyForDeploymentPostprocessing = 0;
		};
/* End PBXSourcesBuildPhase section */

/* Begin PBXTargetDependency section */
		A7C5318A2A6600F400A2FBA3 /* PBXTargetDependency */ = {
			isa = PBXTargetDependency;
			target = A7C531712A6600F200A2FBA3 /* BlaBla */;
			targetProxy = A7C531892A6600F400A2FBA3 /* PBXContainerItemProxy */;
		};
		A7C531942A6600F400A2FBA3 /* PBXTargetDependency */ = {
			isa = PBXTargetDependency;
			target = A7C531712A6600F200A2FBA3 /* BlaBla */;
			targetProxy = A7C531932A6600F400A2FBA3 /* PBXContainerItemProxy */;
		};
/* End PBXTargetDependency section */

/* Begin XCBuildConfiguration section */
		A7C5319A2A6600F400A2FBA3 /* Debug */ = {
			isa = XCBuildConfiguration;
			buildSettings = {
				ALWAYS_SEARCH_USER_PATHS = NO;
				CLANG_ANALYZER_NONNULL = YES;
				CLANG_ANALYZER_NUMBER_OBJECT_CONVERSION = YES_AGGRESSIVE;
				CLANG_CXX_LANGUAGE_STANDARD = "gnu++20";
				CLANG_ENABLE_MODULES = YES;
				CLANG_ENABLE_OBJC_ARC = YES;
				CLANG_ENABLE_OBJC_WEAK = YES;
				CLANG_WARN_BLOCK_CAPTURE_AUTORELEASING = YES;
				CLANG_WARN_BOOL_CONVERSION = YES;
				CLANG_WARN_COMMA = YES;
				CLANG_WARN_CONSTANT_CONVERSION = YES;
				CLANG_WARN_DEPRECATED_OBJC_IMPLEMENTATIONS = YES;
				CLANG_WARN_DIRECT_OBJC_ISA_USAGE = YES_ERROR;
				CLANG_WARN_DOCUMENTATION_COMMENTS = YES;
				CLANG_WARN_EMPTY_BODY = YES;
				CLANG_WARN_ENUM_CONVERSION = YES;
				CLANG_WARN_INFINITE_RECURSION = YES;
				CLANG_WARN_INT_CONVERSION = YES;
				CLANG_WARN_NON_LITERAL_NULL_CONVERSION = YES;
				CLANG_WARN_OBJC_IMPLICIT_RETAIN_SELF = YES;
				CLANG_WARN_OBJC_LITERAL_CONVERSION = YES;
				CLANG_WARN_OBJC_ROOT_CLASS = YES_ERROR;
				CLANG_WARN_QUOTED_INCLUDE_IN_FRAMEWORK_HEADER = YES;
				CLANG_WARN_RANGE_LOOP_ANALYSIS = YES;
				CLANG_WARN_STRICT_PROTOTYPES = YES;
				CLANG_WARN_SUSPICIOUS_MOVE = YES;
				CLANG_WARN_UNGUARDED_AVAILABILITY = YES_AGGRESSIVE;
				CLANG_WARN_UNREACHABLE_CODE = YES;
				CLANG_WARN__DUPLICATE_METHOD_MATCH = YES;
				COPY_PHASE_STRIP = NO;
				DEBUG_INFORMATION_FORMAT = dwarf;
				ENABLE_STRICT_OBJC_MSGSEND = YES;
				ENABLE_TESTABILITY = YES;
				GCC_C_LANGUAGE_STANDARD = gnu11;
				GCC_DYNAMIC_NO_PIC = NO;
				GCC_NO_COMMON_BLOCKS = YES;
				GCC_OPTIMIZATION_LEVEL = 0;
				GCC_PREPROCESSOR_DEFINITIONS = (
					"DEBUG=1",
					"$(inherited)",
				);
				GCC_WARN_64_TO_32_BIT_CONVERSION = YES;
				GCC_WARN_ABOUT_RETURN_TYPE = YES_ERROR;
				GCC_WARN_UNDECLARED_SELECTOR = YES;
				GCC_WARN_UNINITIALIZED_AUTOS = YES_AGGRESSIVE;
				GCC_WARN_UNUSED_FUNCTION = YES;
				GCC_WARN_UNUSED_VARIABLE = YES;
				MTL_ENABLE_DEBUG_INFO = INCLUDE_SOURCE;
				MTL_FAST_MATH = YES;
				ONLY_ACTIVE_ARCH = YES;
				SWIFT_ACTIVE_COMPILATION_CONDITIONS = DEBUG;
				SWIFT_OPTIMIZATION_LEVEL = "-Onone";
			};
			name = Debug;
		};
		A7C5319B2A6600F400A2FBA3 /* Release */ = {
			isa = XCBuildConfiguration;
			buildSettings = {
				ALWAYS_SEARCH_USER_PATHS = NO;
				CLANG_ANALYZER_NONNULL = YES;
				CLANG_ANALYZER_NUMBER_OBJECT_CONVERSION = YES_AGGRESSIVE;
				CLANG_CXX_LANGUAGE_STANDARD = "gnu++20";
				CLANG_ENABLE_MODULES = YES;
				CLANG_ENABLE_OBJC_ARC = YES;
				CLANG_ENABLE_OBJC_WEAK = YES;
				CLANG_WARN_BLOCK_CAPTURE_AUTORELEASING = YES;
				CLANG_WARN_BOOL_CONVERSION = YES;
				CLANG_WARN_COMMA = YES;
				CLANG_WARN_CONSTANT_CONVERSION = YES;
				CLANG_WARN_DEPRECATED_OBJC_IMPLEMENTATIONS = YES;
				CLANG_WARN_DIRECT_OBJC_ISA_USAGE = YES_ERROR;
				CLANG_WARN_DOCUMENTATION_COMMENTS = YES;
				CLANG_WARN_EMPTY_BODY = YES;
				CLANG_WARN_ENUM_CONVERSION = YES;
				CLANG_WARN_INFINITE_RECURSION = YES;
				CLANG_WARN_INT_CONVERSION = YES;
				CLANG_WARN_NON_LITERAL_NULL_CONVERSION = YES;
				CLANG_WARN_OBJC_IMPLICIT_RETAIN_SELF = YES;
				CLANG_WARN_OBJC_LITERAL_CONVERSION = YES;
				CLANG_WARN_OBJC_ROOT_CLASS = YES_ERROR;
				CLANG_WARN_QUOTED_INCLUDE_IN_FRAMEWORK_HEADER = YES;
				CLANG_WARN_RANGE_LOOP_ANALYSIS = YES;
				CLANG_WARN_STRICT_PROTOTYPES = YES;
				CLANG_WARN_SUSPICIOUS_MOVE = YES;
				CLANG_WARN_UNGUARDED_AVAILABILITY = YES_AGGRESSIVE;
				CLANG_WARN_UNREACHABLE_CODE = YES;
				CLANG_WARN__DUPLICATE_METHOD_MATCH = YES;
				COPY_PHASE_STRIP = NO;
				DEBUG_INFORMATION_FORMAT = "dwarf-with-dsym";
				ENABLE_NS_ASSERTIONS = NO;
				ENABLE_STRICT_OBJC_MSGSEND = YES;
				GCC_C_LANGUAGE_STANDARD = gnu11;
				GCC_NO_COMMON_BLOCKS = YES;
				GCC_WARN_64_TO_32_BIT_CONVERSION = YES;
				GCC_WARN_ABOUT_RETURN_TYPE = YES_ERROR;
				GCC_WARN_UNDECLARED_SELECTOR = YES;
				GCC_WARN_UNINITIALIZED_AUTOS = YES_AGGRESSIVE;
				GCC_WARN_UNUSED_FUNCTION = YES;
				GCC_WARN_UNUSED_VARIABLE = YES;
				MTL_ENABLE_DEBUG_INFO = NO;
				MTL_FAST_MATH = YES;
				SWIFT_COMPILATION_MODE = wholemodule;
				SWIFT_OPTIMIZATION_LEVEL = "-O";
			};
			name = Release;
		};
		A7C5319D2A6600F400A2FBA3 /* Debug */ = {
			isa = XCBuildConfiguration;
			buildSettings = {
				ASSETCATALOG_COMPILER_APPICON_NAME = AppIcon;
				ASSETCATALOG_COMPILER_GLOBAL_ACCENT_COLOR_NAME = AccentColor;
				CODE_SIGN_ENTITLEMENTS = BlaBla/BlaBla.entitlements;
				CODE_SIGN_STYLE = Automatic;
				CURRENT_PROJECT_VERSION = 1;
				DEVELOPMENT_ASSET_PATHS = "\"BlaBla/Preview Content\"";
				DEVELOPMENT_TEAM = 7GX5656B4U;
				ENABLE_HARDENED_RUNTIME = YES;
				ENABLE_PREVIEWS = YES;
				GENERATE_INFOPLIST_FILE = YES;
				"INFOPLIST_KEY_UIApplicationSceneManifest_Generation[sdk=iphoneos*]" = YES;
				"INFOPLIST_KEY_UIApplicationSceneManifest_Generation[sdk=iphonesimulator*]" = YES;
				"INFOPLIST_KEY_UIApplicationSupportsIndirectInputEvents[sdk=iphoneos*]" = YES;
				"INFOPLIST_KEY_UIApplicationSupportsIndirectInputEvents[sdk=iphonesimulator*]" = YES;
				"INFOPLIST_KEY_UILaunchScreen_Generation[sdk=iphoneos*]" = YES;
				"INFOPLIST_KEY_UILaunchScreen_Generation[sdk=iphonesimulator*]" = YES;
				"INFOPLIST_KEY_UIStatusBarStyle[sdk=iphoneos*]" = UIStatusBarStyleDefault;
				"INFOPLIST_KEY_UIStatusBarStyle[sdk=iphonesimulator*]" = UIStatusBarStyleDefault;
				INFOPLIST_KEY_UISupportedInterfaceOrientations_iPad = "UIInterfaceOrientationPortrait UIInterfaceOrientationPortraitUpsideDown UIInterfaceOrientationLandscapeLeft UIInterfaceOrientationLandscapeRight";
				INFOPLIST_KEY_UISupportedInterfaceOrientations_iPhone = "UIInterfaceOrientationPortrait UIInterfaceOrientationLandscapeLeft UIInterfaceOrientationLandscapeRight";
				IPHONEOS_DEPLOYMENT_TARGET = 16.4;
				LD_RUNPATH_SEARCH_PATHS = "@executable_path/Frameworks";
				"LD_RUNPATH_SEARCH_PATHS[sdk=macosx*]" = "@executable_path/../Frameworks";
				MACOSX_DEPLOYMENT_TARGET = 13.3;
				MARKETING_VERSION = 1.0;
				PRODUCT_BUNDLE_IDENTIFIER = com.alexzarr.BlaBla;
				PRODUCT_NAME = "$(TARGET_NAME)";
				SDKROOT = auto;
				SUPPORTED_PLATFORMS = "iphoneos iphonesimulator macosx";
				SWIFT_EMIT_LOC_STRINGS = YES;
				SWIFT_VERSION = 5.0;
				TARGETED_DEVICE_FAMILY = "1,2";
			};
			name = Debug;
		};
		A7C5319E2A6600F400A2FBA3 /* Release */ = {
			isa = XCBuildConfiguration;
			buildSettings = {
				ASSETCATALOG_COMPILER_APPICON_NAME = AppIcon;
				ASSETCATALOG_COMPILER_GLOBAL_ACCENT_COLOR_NAME = AccentColor;
				CODE_SIGN_ENTITLEMENTS = BlaBla/BlaBla.entitlements;
				CODE_SIGN_STYLE = Automatic;
				CURRENT_PROJECT_VERSION = 1;
				DEVELOPMENT_ASSET_PATHS = "\"BlaBla/Preview Content\"";
				DEVELOPMENT_TEAM = 7GX5656B4U;
				ENABLE_HARDENED_RUNTIME = YES;
				ENABLE_PREVIEWS = YES;
				GENERATE_INFOPLIST_FILE = YES;
				"INFOPLIST_KEY_UIApplicationSceneManifest_Generation[sdk=iphoneos*]" = YES;
				"INFOPLIST_KEY_UIApplicationSceneManifest_Generation[sdk=iphonesimulator*]" = YES;
				"INFOPLIST_KEY_UIApplicationSupportsIndirectInputEvents[sdk=iphoneos*]" = YES;
				"INFOPLIST_KEY_UIApplicationSupportsIndirectInputEvents[sdk=iphonesimulator*]" = YES;
				"INFOPLIST_KEY_UILaunchScreen_Generation[sdk=iphoneos*]" = YES;
				"INFOPLIST_KEY_UILaunchScreen_Generation[sdk=iphonesimulator*]" = YES;
				"INFOPLIST_KEY_UIStatusBarStyle[sdk=iphoneos*]" = UIStatusBarStyleDefault;
				"INFOPLIST_KEY_UIStatusBarStyle[sdk=iphonesimulator*]" = UIStatusBarStyleDefault;
				INFOPLIST_KEY_UISupportedInterfaceOrientations_iPad = "UIInterfaceOrientationPortrait UIInterfaceOrientationPortraitUpsideDown UIInterfaceOrientationLandscapeLeft UIInterfaceOrientationLandscapeRight";
				INFOPLIST_KEY_UISupportedInterfaceOrientations_iPhone = "UIInterfaceOrientationPortrait UIInterfaceOrientationLandscapeLeft UIInterfaceOrientationLandscapeRight";
				IPHONEOS_DEPLOYMENT_TARGET = 16.4;
				LD_RUNPATH_SEARCH_PATHS = "@executable_path/Frameworks";
				"LD_RUNPATH_SEARCH_PATHS[sdk=macosx*]" = "@executable_path/../Frameworks";
				MACOSX_DEPLOYMENT_TARGET = 13.3;
				MARKETING_VERSION = 1.0;
				PRODUCT_BUNDLE_IDENTIFIER = com.alexzarr.BlaBla;
				PRODUCT_NAME = "$(TARGET_NAME)";
				SDKROOT = auto;
				SUPPORTED_PLATFORMS = "iphoneos iphonesimulator macosx";
				SWIFT_EMIT_LOC_STRINGS = YES;
				SWIFT_VERSION = 5.0;
				TARGETED_DEVICE_FAMILY = "1,2";
			};
			name = Release;
		};
		A7C531A02A6600F400A2FBA3 /* Debug */ = {
			isa = XCBuildConfiguration;
			buildSettings = {
				ALWAYS_EMBED_SWIFT_STANDARD_LIBRARIES = YES;
				BUNDLE_LOADER = "$(TEST_HOST)";
				CODE_SIGN_STYLE = Automatic;
				CURRENT_PROJECT_VERSION = 1;
				DEVELOPMENT_TEAM = 7GX5656B4U;
				GENERATE_INFOPLIST_FILE = YES;
				IPHONEOS_DEPLOYMENT_TARGET = 16.4;
				MACOSX_DEPLOYMENT_TARGET = 13.3;
				MARKETING_VERSION = 1.0;
				PRODUCT_BUNDLE_IDENTIFIER = com.alexzarr.BlaBlaTests;
				PRODUCT_NAME = "$(TARGET_NAME)";
				SDKROOT = auto;
				SUPPORTED_PLATFORMS = "iphoneos iphonesimulator macosx";
				SWIFT_EMIT_LOC_STRINGS = NO;
				SWIFT_VERSION = 5.0;
				TARGETED_DEVICE_FAMILY = "1,2";
				TEST_HOST = "$(BUILT_PRODUCTS_DIR)/BlaBla.app/$(BUNDLE_EXECUTABLE_FOLDER_PATH)/BlaBla";
			};
			name = Debug;
		};
		A7C531A12A6600F400A2FBA3 /* Release */ = {
			isa = XCBuildConfiguration;
			buildSettings = {
				ALWAYS_EMBED_SWIFT_STANDARD_LIBRARIES = YES;
				BUNDLE_LOADER = "$(TEST_HOST)";
				CODE_SIGN_STYLE = Automatic;
				CURRENT_PROJECT_VERSION = 1;
				DEVELOPMENT_TEAM = 7GX5656B4U;
				GENERATE_INFOPLIST_FILE = YES;
				IPHONEOS_DEPLOYMENT_TARGET = 16.4;
				MACOSX_DEPLOYMENT_TARGET = 13.3;
				MARKETING_VERSION = 1.0;
				PRODUCT_BUNDLE_IDENTIFIER = com.alexzarr.BlaBlaTests;
				PRODUCT_NAME = "$(TARGET_NAME)";
				SDKROOT = auto;
				SUPPORTED_PLATFORMS = "iphoneos iphonesimulator macosx";
				SWIFT_EMIT_LOC_STRINGS = NO;
				SWIFT_VERSION = 5.0;
				TARGETED_DEVICE_FAMILY = "1,2";
				TEST_HOST = "$(BUILT_PRODUCTS_DIR)/BlaBla.app/$(BUNDLE_EXECUTABLE_FOLDER_PATH)/BlaBla";
			};
			name = Release;
		};
		A7C531A32A6600F400A2FBA3 /* Debug */ = {
			isa = XCBuildConfiguration;
			buildSettings = {
				ALWAYS_EMBED_SWIFT_STANDARD_LIBRARIES = YES;
				CODE_SIGN_STYLE = Automatic;
				CURRENT_PROJECT_VERSION = 1;
				DEVELOPMENT_TEAM = 7GX5656B4U;
				GENERATE_INFOPLIST_FILE = YES;
				IPHONEOS_DEPLOYMENT_TARGET = 16.4;
				MACOSX_DEPLOYMENT_TARGET = 13.3;
				MARKETING_VERSION = 1.0;
				PRODUCT_BUNDLE_IDENTIFIER = com.alexzarr.BlaBlaUITests;
				PRODUCT_NAME = "$(TARGET_NAME)";
				SDKROOT = auto;
				SUPPORTED_PLATFORMS = "iphoneos iphonesimulator macosx";
				SWIFT_EMIT_LOC_STRINGS = NO;
				SWIFT_VERSION = 5.0;
				TARGETED_DEVICE_FAMILY = "1,2";
				TEST_TARGET_NAME = BlaBla;
			};
			name = Debug;
		};
		A7C531A42A6600F400A2FBA3 /* Release */ = {
			isa = XCBuildConfiguration;
			buildSettings = {
				ALWAYS_EMBED_SWIFT_STANDARD_LIBRARIES = YES;
				CODE_SIGN_STYLE = Automatic;
				CURRENT_PROJECT_VERSION = 1;
				DEVELOPMENT_TEAM = 7GX5656B4U;
				GENERATE_INFOPLIST_FILE = YES;
				IPHONEOS_DEPLOYMENT_TARGET = 16.4;
				MACOSX_DEPLOYMENT_TARGET = 13.3;
				MARKETING_VERSION = 1.0;
				PRODUCT_BUNDLE_IDENTIFIER = com.alexzarr.BlaBlaUITests;
				PRODUCT_NAME = "$(TARGET_NAME)";
				SDKROOT = auto;
				SUPPORTED_PLATFORMS = "iphoneos iphonesimulator macosx";
				SWIFT_EMIT_LOC_STRINGS = NO;
				SWIFT_VERSION = 5.0;
				TARGETED_DEVICE_FAMILY = "1,2";
				TEST_TARGET_NAME = BlaBla;
			};
			name = Release;
		};
/* End XCBuildConfiguration section */

/* Begin XCConfigurationList section */
		A7C5316D2A6600F200A2FBA3 /* Build configuration list for PBXProject "BlaBla" */ = {
			isa = XCConfigurationList;
			buildConfigurations = (
				A7C5319A2A6600F400A2FBA3 /* Debug */,
				A7C5319B2A6600F400A2FBA3 /* Release */,
			);
			defaultConfigurationIsVisible = 0;
			defaultConfigurationName = Release;
		};
		A7C5319C2A6600F400A2FBA3 /* Build configuration list for PBXNativeTarget "BlaBla" */ = {
			isa = XCConfigurationList;
			buildConfigurations = (
				A7C5319D2A6600F400A2FBA3 /* Debug */,
				A7C5319E2A6600F400A2FBA3 /* Release */,
			);
			defaultConfigurationIsVisible = 0;
			defaultConfigurationName = Release;
		};
		A7C5319F2A6600F400A2FBA3 /* Build configuration list for PBXNativeTarget "BlaBlaTests" */ = {
			isa = XCConfigurationList;
			buildConfigurations = (
				A7C531A02A6600F400A2FBA3 /* Debug */,
				A7C531A12A6600F400A2FBA3 /* Release */,
			);
			defaultConfigurationIsVisible = 0;
			defaultConfigurationName = Release;
		};
		A7C531A22A6600F400A2FBA3 /* Build configuration list for PBXNativeTarget "BlaBlaUITests" */ = {
			isa = XCConfigurationList;
			buildConfigurations = (
				A7C531A32A6600F400A2FBA3 /* Debug */,
				A7C531A42A6600F400A2FBA3 /* Release */,
			);
			defaultConfigurationIsVisible = 0;
			defaultConfigurationName = Release;
		};
/* End XCConfigurationList section */

/* Begin XCVersionGroup section */
		A7C531792A6600F200A2FBA3 /* BlaBla.xcdatamodeld */ = {
			isa = XCVersionGroup;
			children = (
				A7C5317A2A6600F200A2FBA3 /* BlaBla.xcdatamodel */,
			);
			currentVersion = A7C5317A2A6600F200A2FBA3 /* BlaBla.xcdatamodel */;
			path = BlaBla.xcdatamodeld;
			sourceTree = "<group>";
			versionGroupType = wrapper.xcdatamodel;
		};
/* End XCVersionGroup section */
	};
	rootObject = A7C5316A2A6600F200A2FBA3 /* Project object */;
}
