// !$*UTF8*$!
{
	archiveVersion = 1;
	classes = {
	};
	objectVersion = 56;
	objects = {

/* Begin PBXBuildFile section */
		A76B6E502A852D130091BE98 /* AddTransactionView.swift in Sources */ = {isa = PBXBuildFile; fileRef = A76B6E4F2A852D130091BE98 /* AddTransactionView.swift */; };
		A76B6E522A852DC90091BE98 /* AddTransactionViewModel.swift in Sources */ = {isa = PBXBuildFile; fileRef = A76B6E512A852DC90091BE98 /* AddTransactionViewModel.swift */; };
		A7C47F4F2A5F5911000FB297 /* MoneyTrackerApp.swift in Sources */ = {isa = PBXBuildFile; fileRef = A7C47F4E2A5F5911000FB297 /* MoneyTrackerApp.swift */; };
		A7C47F512A5F5911000FB297 /* Persistence.swift in Sources */ = {isa = PBXBuildFile; fileRef = A7C47F502A5F5911000FB297 /* Persistence.swift */; };
		A7C47F542A5F5911000FB297 /* MoneyTracker.xcdatamodeld in Sources */ = {isa = PBXBuildFile; fileRef = A7C47F522A5F5911000FB297 /* MoneyTracker.xcdatamodeld */; };
		A7C47F562A5F5911000FB297 /* TransactionsView.swift in Sources */ = {isa = PBXBuildFile; fileRef = A7C47F552A5F5911000FB297 /* TransactionsView.swift */; };
		A7C47F582A5F5912000FB297 /* Assets.xcassets in Resources */ = {isa = PBXBuildFile; fileRef = A7C47F572A5F5912000FB297 /* Assets.xcassets */; };
		A7C47F5C2A5F5912000FB297 /* Preview Assets.xcassets in Resources */ = {isa = PBXBuildFile; fileRef = A7C47F5B2A5F5912000FB297 /* Preview Assets.xcassets */; };
		A7C47F662A5F5912000FB297 /* MoneyTrackerTests.swift in Sources */ = {isa = PBXBuildFile; fileRef = A7C47F652A5F5912000FB297 /* MoneyTrackerTests.swift */; };
		A7C47F702A5F5912000FB297 /* MoneyTrackerUITests.swift in Sources */ = {isa = PBXBuildFile; fileRef = A7C47F6F2A5F5912000FB297 /* MoneyTrackerUITests.swift */; };
		A7C47F722A5F5912000FB297 /* MoneyTrackerUITestsLaunchTests.swift in Sources */ = {isa = PBXBuildFile; fileRef = A7C47F712A5F5912000FB297 /* MoneyTrackerUITestsLaunchTests.swift */; };
		A7C531662A65FB8E00A2FBA3 /* MTTransaction.swift in Sources */ = {isa = PBXBuildFile; fileRef = A7C531652A65FB8E00A2FBA3 /* MTTransaction.swift */; };
		A7C531682A65FBEA00A2FBA3 /* MTTransactionType.swift in Sources */ = {isa = PBXBuildFile; fileRef = A7C531672A65FBEA00A2FBA3 /* MTTransactionType.swift */; };
		A7C531A62A6A06B300A2FBA3 /* MTTransactionTests.swift in Sources */ = {isa = PBXBuildFile; fileRef = A7C531A52A6A06B300A2FBA3 /* MTTransactionTests.swift */; };
		A7C531A92A6A070400A2FBA3 /* PersistenceForTests.swift in Sources */ = {isa = PBXBuildFile; fileRef = A7C531A82A6A070400A2FBA3 /* PersistenceForTests.swift */; };
/* End PBXBuildFile section */

/* Begin PBXContainerItemProxy section */
		A7C47F622A5F5912000FB297 /* PBXContainerItemProxy */ = {
			isa = PBXContainerItemProxy;
			containerPortal = A7C47F432A5F5910000FB297 /* Project object */;
			proxyType = 1;
			remoteGlobalIDString = A7C47F4A2A5F5910000FB297;
			remoteInfo = MoneyTracker;
		};
		A7C47F6C2A5F5912000FB297 /* PBXContainerItemProxy */ = {
			isa = PBXContainerItemProxy;
			containerPortal = A7C47F432A5F5910000FB297 /* Project object */;
			proxyType = 1;
			remoteGlobalIDString = A7C47F4A2A5F5910000FB297;
			remoteInfo = MoneyTracker;
		};
/* End PBXContainerItemProxy section */

/* Begin PBXFileReference section */
		A76B6E4F2A852D130091BE98 /* AddTransactionView.swift */ = {isa = PBXFileReference; lastKnownFileType = sourcecode.swift; path = AddTransactionView.swift; sourceTree = "<group>"; };
		A76B6E512A852DC90091BE98 /* AddTransactionViewModel.swift */ = {isa = PBXFileReference; lastKnownFileType = sourcecode.swift; path = AddTransactionViewModel.swift; sourceTree = "<group>"; };
		A7C47F4B2A5F5910000FB297 /* MoneyTracker.app */ = {isa = PBXFileReference; explicitFileType = wrapper.application; includeInIndex = 0; path = MoneyTracker.app; sourceTree = BUILT_PRODUCTS_DIR; };
		A7C47F4E2A5F5911000FB297 /* MoneyTrackerApp.swift */ = {isa = PBXFileReference; lastKnownFileType = sourcecode.swift; path = MoneyTrackerApp.swift; sourceTree = "<group>"; };
		A7C47F502A5F5911000FB297 /* Persistence.swift */ = {isa = PBXFileReference; lastKnownFileType = sourcecode.swift; path = Persistence.swift; sourceTree = "<group>"; };
		A7C47F532A5F5911000FB297 /* MoneyTracker.xcdatamodel */ = {isa = PBXFileReference; lastKnownFileType = wrapper.xcdatamodel; path = MoneyTracker.xcdatamodel; sourceTree = "<group>"; };
		A7C47F552A5F5911000FB297 /* TransactionsView.swift */ = {isa = PBXFileReference; lastKnownFileType = sourcecode.swift; path = TransactionsView.swift; sourceTree = "<group>"; };
		A7C47F572A5F5912000FB297 /* Assets.xcassets */ = {isa = PBXFileReference; lastKnownFileType = folder.assetcatalog; path = Assets.xcassets; sourceTree = "<group>"; };
		A7C47F592A5F5912000FB297 /* MoneyTracker.entitlements */ = {isa = PBXFileReference; lastKnownFileType = text.plist.entitlements; path = MoneyTracker.entitlements; sourceTree = "<group>"; };
		A7C47F5B2A5F5912000FB297 /* Preview Assets.xcassets */ = {isa = PBXFileReference; lastKnownFileType = folder.assetcatalog; path = "Preview Assets.xcassets"; sourceTree = "<group>"; };
		A7C47F612A5F5912000FB297 /* MoneyTrackerTests.xctest */ = {isa = PBXFileReference; explicitFileType = wrapper.cfbundle; includeInIndex = 0; path = MoneyTrackerTests.xctest; sourceTree = BUILT_PRODUCTS_DIR; };
		A7C47F652A5F5912000FB297 /* MoneyTrackerTests.swift */ = {isa = PBXFileReference; lastKnownFileType = sourcecode.swift; path = MoneyTrackerTests.swift; sourceTree = "<group>"; };
		A7C47F6B2A5F5912000FB297 /* MoneyTrackerUITests.xctest */ = {isa = PBXFileReference; explicitFileType = wrapper.cfbundle; includeInIndex = 0; path = MoneyTrackerUITests.xctest; sourceTree = BUILT_PRODUCTS_DIR; };
		A7C47F6F2A5F5912000FB297 /* MoneyTrackerUITests.swift */ = {isa = PBXFileReference; lastKnownFileType = sourcecode.swift; path = MoneyTrackerUITests.swift; sourceTree = "<group>"; };
		A7C47F712A5F5912000FB297 /* MoneyTrackerUITestsLaunchTests.swift */ = {isa = PBXFileReference; lastKnownFileType = sourcecode.swift; path = MoneyTrackerUITestsLaunchTests.swift; sourceTree = "<group>"; };
		A7C531652A65FB8E00A2FBA3 /* MTTransaction.swift */ = {isa = PBXFileReference; lastKnownFileType = sourcecode.swift; path = MTTransaction.swift; sourceTree = "<group>"; };
		A7C531672A65FBEA00A2FBA3 /* MTTransactionType.swift */ = {isa = PBXFileReference; lastKnownFileType = sourcecode.swift; path = MTTransactionType.swift; sourceTree = "<group>"; };
		A7C531A52A6A06B300A2FBA3 /* MTTransactionTests.swift */ = {isa = PBXFileReference; lastKnownFileType = sourcecode.swift; path = MTTransactionTests.swift; sourceTree = "<group>"; };
		A7C531A82A6A070400A2FBA3 /* PersistenceForTests.swift */ = {isa = PBXFileReference; lastKnownFileType = sourcecode.swift; path = PersistenceForTests.swift; sourceTree = "<group>"; };
/* End PBXFileReference section */

/* Begin PBXFrameworksBuildPhase section */
		A7C47F482A5F5910000FB297 /* Frameworks */ = {
			isa = PBXFrameworksBuildPhase;
			buildActionMask = 2147483647;
			files = (
			);
			runOnlyForDeploymentPostprocessing = 0;
		};
		A7C47F5E2A5F5912000FB297 /* Frameworks */ = {
			isa = PBXFrameworksBuildPhase;
			buildActionMask = 2147483647;
			files = (
			);
			runOnlyForDeploymentPostprocessing = 0;
		};
		A7C47F682A5F5912000FB297 /* Frameworks */ = {
			isa = PBXFrameworksBuildPhase;
			buildActionMask = 2147483647;
			files = (
			);
			runOnlyForDeploymentPostprocessing = 0;
		};
/* End PBXFrameworksBuildPhase section */

/* Begin PBXGroup section */
		A7C47F422A5F5910000FB297 = {
			isa = PBXGroup;
			children = (
				A7C47F4D2A5F5911000FB297 /* MoneyTracker */,
				A7C47F642A5F5912000FB297 /* MoneyTrackerTests */,
				A7C47F6E2A5F5912000FB297 /* MoneyTrackerUITests */,
				A7C47F4C2A5F5910000FB297 /* Products */,
			);
			sourceTree = "<group>";
		};
		A7C47F4C2A5F5910000FB297 /* Products */ = {
			isa = PBXGroup;
			children = (
				A7C47F4B2A5F5910000FB297 /* MoneyTracker.app */,
				A7C47F612A5F5912000FB297 /* MoneyTrackerTests.xctest */,
				A7C47F6B2A5F5912000FB297 /* MoneyTrackerUITests.xctest */,
			);
			name = Products;
			sourceTree = "<group>";
		};
		A7C47F4D2A5F5911000FB297 /* MoneyTracker */ = {
			isa = PBXGroup;
			children = (
				A7C531642A65FB8200A2FBA3 /* Model */,
				A7C47F4E2A5F5911000FB297 /* MoneyTrackerApp.swift */,
				A7C47F502A5F5911000FB297 /* Persistence.swift */,
				A7C47F552A5F5911000FB297 /* TransactionsView.swift */,
				A76B6E4F2A852D130091BE98 /* AddTransactionView.swift */,
				A76B6E512A852DC90091BE98 /* AddTransactionViewModel.swift */,
				A7C47F572A5F5912000FB297 /* Assets.xcassets */,
				A7C47F592A5F5912000FB297 /* MoneyTracker.entitlements */,
				A7C47F522A5F5911000FB297 /* MoneyTracker.xcdatamodeld */,
				A7C47F5A2A5F5912000FB297 /* Preview Content */,
			);
			path = MoneyTracker;
			sourceTree = "<group>";
		};
		A7C47F5A2A5F5912000FB297 /* Preview Content */ = {
			isa = PBXGroup;
			children = (
				A7C47F5B2A5F5912000FB297 /* Preview Assets.xcassets */,
			);
			path = "Preview Content";
			sourceTree = "<group>";
		};
		A7C47F642A5F5912000FB297 /* MoneyTrackerTests */ = {
			isa = PBXGroup;
			children = (
				A7C531A72A6A06C200A2FBA3 /* TestUtils */,
				A7C47F652A5F5912000FB297 /* MoneyTrackerTests.swift */,
				A7C531A52A6A06B300A2FBA3 /* MTTransactionTests.swift */,
			);
			path = MoneyTrackerTests;
			sourceTree = "<group>";
		};
		A7C47F6E2A5F5912000FB297 /* MoneyTrackerUITests */ = {
			isa = PBXGroup;
			children = (
				A7C47F6F2A5F5912000FB297 /* MoneyTrackerUITests.swift */,
				A7C47F712A5F5912000FB297 /* MoneyTrackerUITestsLaunchTests.swift */,
			);
			path = MoneyTrackerUITests;
			sourceTree = "<group>";
		};
		A7C531642A65FB8200A2FBA3 /* Model */ = {
			isa = PBXGroup;
			children = (
				A7C531652A65FB8E00A2FBA3 /* MTTransaction.swift */,
				A7C531672A65FBEA00A2FBA3 /* MTTransactionType.swift */,
			);
			path = Model;
			sourceTree = "<group>";
		};
		A7C531A72A6A06C200A2FBA3 /* TestUtils */ = {
			isa = PBXGroup;
			children = (
				A7C531A82A6A070400A2FBA3 /* PersistenceForTests.swift */,
			);
			path = TestUtils;
			sourceTree = "<group>";
		};
/* End PBXGroup section */

/* Begin PBXNativeTarget section */
		A7C47F4A2A5F5910000FB297 /* MoneyTracker */ = {
			isa = PBXNativeTarget;
			buildConfigurationList = A7C47F752A5F5912000FB297 /* Build configuration list for PBXNativeTarget "MoneyTracker" */;
			buildPhases = (
				A7C47F472A5F5910000FB297 /* Sources */,
				A7C47F482A5F5910000FB297 /* Frameworks */,
				A7C47F492A5F5910000FB297 /* Resources */,
			);
			buildRules = (
			);
			dependencies = (
			);
			name = MoneyTracker;
			productName = MoneyTracker;
			productReference = A7C47F4B2A5F5910000FB297 /* MoneyTracker.app */;
			productType = "com.apple.product-type.application";
		};
		A7C47F602A5F5912000FB297 /* MoneyTrackerTests */ = {
			isa = PBXNativeTarget;
			buildConfigurationList = A7C47F782A5F5912000FB297 /* Build configuration list for PBXNativeTarget "MoneyTrackerTests" */;
			buildPhases = (
				A7C47F5D2A5F5912000FB297 /* Sources */,
				A7C47F5E2A5F5912000FB297 /* Frameworks */,
				A7C47F5F2A5F5912000FB297 /* Resources */,
			);
			buildRules = (
			);
			dependencies = (
				A7C47F632A5F5912000FB297 /* PBXTargetDependency */,
			);
			name = MoneyTrackerTests;
			productName = MoneyTrackerTests;
			productReference = A7C47F612A5F5912000FB297 /* MoneyTrackerTests.xctest */;
			productType = "com.apple.product-type.bundle.unit-test";
		};
		A7C47F6A2A5F5912000FB297 /* MoneyTrackerUITests */ = {
			isa = PBXNativeTarget;
			buildConfigurationList = A7C47F7B2A5F5912000FB297 /* Build configuration list for PBXNativeTarget "MoneyTrackerUITests" */;
			buildPhases = (
				A7C47F672A5F5912000FB297 /* Sources */,
				A7C47F682A5F5912000FB297 /* Frameworks */,
				A7C47F692A5F5912000FB297 /* Resources */,
			);
			buildRules = (
			);
			dependencies = (
				A7C47F6D2A5F5912000FB297 /* PBXTargetDependency */,
			);
			name = MoneyTrackerUITests;
			productName = MoneyTrackerUITests;
			productReference = A7C47F6B2A5F5912000FB297 /* MoneyTrackerUITests.xctest */;
			productType = "com.apple.product-type.bundle.ui-testing";
		};
/* End PBXNativeTarget section */

/* Begin PBXProject section */
		A7C47F432A5F5910000FB297 /* Project object */ = {
			isa = PBXProject;
			attributes = {
				BuildIndependentTargetsInParallel = 1;
				LastSwiftUpdateCheck = 1430;
				LastUpgradeCheck = 1430;
				TargetAttributes = {
					A7C47F4A2A5F5910000FB297 = {
						CreatedOnToolsVersion = 14.3.1;
					};
					A7C47F602A5F5912000FB297 = {
						CreatedOnToolsVersion = 14.3.1;
						TestTargetID = A7C47F4A2A5F5910000FB297;
					};
					A7C47F6A2A5F5912000FB297 = {
						CreatedOnToolsVersion = 14.3.1;
						TestTargetID = A7C47F4A2A5F5910000FB297;
					};
				};
			};
			buildConfigurationList = A7C47F462A5F5910000FB297 /* Build configuration list for PBXProject "MoneyTracker" */;
			compatibilityVersion = "Xcode 14.0";
			developmentRegion = en;
			hasScannedForEncodings = 0;
			knownRegions = (
				en,
				Base,
			);
			mainGroup = A7C47F422A5F5910000FB297;
			productRefGroup = A7C47F4C2A5F5910000FB297 /* Products */;
			projectDirPath = "";
			projectRoot = "";
			targets = (
				A7C47F4A2A5F5910000FB297 /* MoneyTracker */,
				A7C47F602A5F5912000FB297 /* MoneyTrackerTests */,
				A7C47F6A2A5F5912000FB297 /* MoneyTrackerUITests */,
			);
		};
/* End PBXProject section */

/* Begin PBXResourcesBuildPhase section */
		A7C47F492A5F5910000FB297 /* Resources */ = {
			isa = PBXResourcesBuildPhase;
			buildActionMask = 2147483647;
			files = (
				A7C47F5C2A5F5912000FB297 /* Preview Assets.xcassets in Resources */,
				A7C47F582A5F5912000FB297 /* Assets.xcassets in Resources */,
			);
			runOnlyForDeploymentPostprocessing = 0;
		};
		A7C47F5F2A5F5912000FB297 /* Resources */ = {
			isa = PBXResourcesBuildPhase;
			buildActionMask = 2147483647;
			files = (
			);
			runOnlyForDeploymentPostprocessing = 0;
		};
		A7C47F692A5F5912000FB297 /* Resources */ = {
			isa = PBXResourcesBuildPhase;
			buildActionMask = 2147483647;
			files = (
			);
			runOnlyForDeploymentPostprocessing = 0;
		};
/* End PBXResourcesBuildPhase section */

/* Begin PBXSourcesBuildPhase section */
		A7C47F472A5F5910000FB297 /* Sources */ = {
			isa = PBXSourcesBuildPhase;
			buildActionMask = 2147483647;
			files = (
				A76B6E502A852D130091BE98 /* AddTransactionView.swift in Sources */,
				A7C47F4F2A5F5911000FB297 /* MoneyTrackerApp.swift in Sources */,
				A7C531682A65FBEA00A2FBA3 /* MTTransactionType.swift in Sources */,
				A76B6E522A852DC90091BE98 /* AddTransactionViewModel.swift in Sources */,
				A7C531662A65FB8E00A2FBA3 /* MTTransaction.swift in Sources */,
				A7C47F542A5F5911000FB297 /* MoneyTracker.xcdatamodeld in Sources */,
				A7C47F562A5F5911000FB297 /* TransactionsView.swift in Sources */,
				A7C47F512A5F5911000FB297 /* Persistence.swift in Sources */,
			);
			runOnlyForDeploymentPostprocessing = 0;
		};
		A7C47F5D2A5F5912000FB297 /* Sources */ = {
			isa = PBXSourcesBuildPhase;
			buildActionMask = 2147483647;
			files = (
				A7C531A92A6A070400A2FBA3 /* PersistenceForTests.swift in Sources */,
				A7C47F662A5F5912000FB297 /* MoneyTrackerTests.swift in Sources */,
				A7C531A62A6A06B300A2FBA3 /* MTTransactionTests.swift in Sources */,
			);
			runOnlyForDeploymentPostprocessing = 0;
		};
		A7C47F672A5F5912000FB297 /* Sources */ = {
			isa = PBXSourcesBuildPhase;
			buildActionMask = 2147483647;
			files = (
				A7C47F722A5F5912000FB297 /* MoneyTrackerUITestsLaunchTests.swift in Sources */,
				A7C47F702A5F5912000FB297 /* MoneyTrackerUITests.swift in Sources */,
			);
			runOnlyForDeploymentPostprocessing = 0;
		};
/* End PBXSourcesBuildPhase section */

/* Begin PBXTargetDependency section */
		A7C47F632A5F5912000FB297 /* PBXTargetDependency */ = {
			isa = PBXTargetDependency;
			target = A7C47F4A2A5F5910000FB297 /* MoneyTracker */;
			targetProxy = A7C47F622A5F5912000FB297 /* PBXContainerItemProxy */;
		};
		A7C47F6D2A5F5912000FB297 /* PBXTargetDependency */ = {
			isa = PBXTargetDependency;
			target = A7C47F4A2A5F5910000FB297 /* MoneyTracker */;
			targetProxy = A7C47F6C2A5F5912000FB297 /* PBXContainerItemProxy */;
		};
/* End PBXTargetDependency section */

/* Begin XCBuildConfiguration section */
		A7C47F732A5F5912000FB297 /* Debug */ = {
			isa = XCBuildConfiguration;
			buildSettings = {
				ALWAYS_SEARCH_USER_PATHS = NO;
				CLANG_ANALYZER_NONNULL = YES;
				CLANG_ANALYZER_NUMBER_OBJECT_CONVERSION = YES_AGGRESSIVE;
				CLANG_CXX_LANGUAGE_STANDARD = "gnu++20";
				CLANG_ENABLE_MODULES = YES;
				CLANG_ENABLE_OBJC_ARC = YES;
				CLANG_ENABLE_OBJC_WEAK = YES;
				CLANG_WARN_BLOCK_CAPTURE_AUTORELEASING = YES;
				CLANG_WARN_BOOL_CONVERSION = YES;
				CLANG_WARN_COMMA = YES;
				CLANG_WARN_CONSTANT_CONVERSION = YES;
				CLANG_WARN_DEPRECATED_OBJC_IMPLEMENTATIONS = YES;
				CLANG_WARN_DIRECT_OBJC_ISA_USAGE = YES_ERROR;
				CLANG_WARN_DOCUMENTATION_COMMENTS = YES;
				CLANG_WARN_EMPTY_BODY = YES;
				CLANG_WARN_ENUM_CONVERSION = YES;
				CLANG_WARN_INFINITE_RECURSION = YES;
				CLANG_WARN_INT_CONVERSION = YES;
				CLANG_WARN_NON_LITERAL_NULL_CONVERSION = YES;
				CLANG_WARN_OBJC_IMPLICIT_RETAIN_SELF = YES;
				CLANG_WARN_OBJC_LITERAL_CONVERSION = YES;
				CLANG_WARN_OBJC_ROOT_CLASS = YES_ERROR;
				CLANG_WARN_QUOTED_INCLUDE_IN_FRAMEWORK_HEADER = YES;
				CLANG_WARN_RANGE_LOOP_ANALYSIS = YES;
				CLANG_WARN_STRICT_PROTOTYPES = YES;
				CLANG_WARN_SUSPICIOUS_MOVE = YES;
				CLANG_WARN_UNGUARDED_AVAILABILITY = YES_AGGRESSIVE;
				CLANG_WARN_UNREACHABLE_CODE = YES;
				CLANG_WARN__DUPLICATE_METHOD_MATCH = YES;
				COPY_PHASE_STRIP = NO;
				DEBUG_INFORMATION_FORMAT = dwarf;
				ENABLE_STRICT_OBJC_MSGSEND = YES;
				ENABLE_TESTABILITY = YES;
				GCC_C_LANGUAGE_STANDARD = gnu11;
				GCC_DYNAMIC_NO_PIC = NO;
				GCC_NO_COMMON_BLOCKS = YES;
				GCC_OPTIMIZATION_LEVEL = 0;
				GCC_PREPROCESSOR_DEFINITIONS = (
					"DEBUG=1",
					"$(inherited)",
				);
				GCC_WARN_64_TO_32_BIT_CONVERSION = YES;
				GCC_WARN_ABOUT_RETURN_TYPE = YES_ERROR;
				GCC_WARN_UNDECLARED_SELECTOR = YES;
				GCC_WARN_UNINITIALIZED_AUTOS = YES_AGGRESSIVE;
				GCC_WARN_UNUSED_FUNCTION = YES;
				GCC_WARN_UNUSED_VARIABLE = YES;
				MTL_ENABLE_DEBUG_INFO = INCLUDE_SOURCE;
				MTL_FAST_MATH = YES;
				ONLY_ACTIVE_ARCH = YES;
				SWIFT_ACTIVE_COMPILATION_CONDITIONS = DEBUG;
				SWIFT_OPTIMIZATION_LEVEL = "-Onone";
			};
			name = Debug;
		};
		A7C47F742A5F5912000FB297 /* Release */ = {
			isa = XCBuildConfiguration;
			buildSettings = {
				ALWAYS_SEARCH_USER_PATHS = NO;
				CLANG_ANALYZER_NONNULL = YES;
				CLANG_ANALYZER_NUMBER_OBJECT_CONVERSION = YES_AGGRESSIVE;
				CLANG_CXX_LANGUAGE_STANDARD = "gnu++20";
				CLANG_ENABLE_MODULES = YES;
				CLANG_ENABLE_OBJC_ARC = YES;
				CLANG_ENABLE_OBJC_WEAK = YES;
				CLANG_WARN_BLOCK_CAPTURE_AUTORELEASING = YES;
				CLANG_WARN_BOOL_CONVERSION = YES;
				CLANG_WARN_COMMA = YES;
				CLANG_WARN_CONSTANT_CONVERSION = YES;
				CLANG_WARN_DEPRECATED_OBJC_IMPLEMENTATIONS = YES;
				CLANG_WARN_DIRECT_OBJC_ISA_USAGE = YES_ERROR;
				CLANG_WARN_DOCUMENTATION_COMMENTS = YES;
				CLANG_WARN_EMPTY_BODY = YES;
				CLANG_WARN_ENUM_CONVERSION = YES;
				CLANG_WARN_INFINITE_RECURSION = YES;
				CLANG_WARN_INT_CONVERSION = YES;
				CLANG_WARN_NON_LITERAL_NULL_CONVERSION = YES;
				CLANG_WARN_OBJC_IMPLICIT_RETAIN_SELF = YES;
				CLANG_WARN_OBJC_LITERAL_CONVERSION = YES;
				CLANG_WARN_OBJC_ROOT_CLASS = YES_ERROR;
				CLANG_WARN_QUOTED_INCLUDE_IN_FRAMEWORK_HEADER = YES;
				CLANG_WARN_RANGE_LOOP_ANALYSIS = YES;
				CLANG_WARN_STRICT_PROTOTYPES = YES;
				CLANG_WARN_SUSPICIOUS_MOVE = YES;
				CLANG_WARN_UNGUARDED_AVAILABILITY = YES_AGGRESSIVE;
				CLANG_WARN_UNREACHABLE_CODE = YES;
				CLANG_WARN__DUPLICATE_METHOD_MATCH = YES;
				COPY_PHASE_STRIP = NO;
				DEBUG_INFORMATION_FORMAT = "dwarf-with-dsym";
				ENABLE_NS_ASSERTIONS = NO;
				ENABLE_STRICT_OBJC_MSGSEND = YES;
				GCC_C_LANGUAGE_STANDARD = gnu11;
				GCC_NO_COMMON_BLOCKS = YES;
				GCC_WARN_64_TO_32_BIT_CONVERSION = YES;
				GCC_WARN_ABOUT_RETURN_TYPE = YES_ERROR;
				GCC_WARN_UNDECLARED_SELECTOR = YES;
				GCC_WARN_UNINITIALIZED_AUTOS = YES_AGGRESSIVE;
				GCC_WARN_UNUSED_FUNCTION = YES;
				GCC_WARN_UNUSED_VARIABLE = YES;
				MTL_ENABLE_DEBUG_INFO = NO;
				MTL_FAST_MATH = YES;
				SWIFT_COMPILATION_MODE = wholemodule;
				SWIFT_OPTIMIZATION_LEVEL = "-O";
			};
			name = Release;
		};
		A7C47F762A5F5912000FB297 /* Debug */ = {
			isa = XCBuildConfiguration;
			buildSettings = {
				ASSETCATALOG_COMPILER_APPICON_NAME = AppIcon;
				ASSETCATALOG_COMPILER_GLOBAL_ACCENT_COLOR_NAME = AccentColor;
				CODE_SIGN_ENTITLEMENTS = MoneyTracker/MoneyTracker.entitlements;
				CODE_SIGN_STYLE = Automatic;
				CURRENT_PROJECT_VERSION = 1;
				DEVELOPMENT_ASSET_PATHS = "\"MoneyTracker/Preview Content\"";
				DEVELOPMENT_TEAM = 7GX5656B4U;
				ENABLE_HARDENED_RUNTIME = YES;
				ENABLE_PREVIEWS = YES;
				GENERATE_INFOPLIST_FILE = YES;
				"INFOPLIST_KEY_UIApplicationSceneManifest_Generation[sdk=iphoneos*]" = YES;
				"INFOPLIST_KEY_UIApplicationSceneManifest_Generation[sdk=iphonesimulator*]" = YES;
				"INFOPLIST_KEY_UIApplicationSupportsIndirectInputEvents[sdk=iphoneos*]" = YES;
				"INFOPLIST_KEY_UIApplicationSupportsIndirectInputEvents[sdk=iphonesimulator*]" = YES;
				"INFOPLIST_KEY_UILaunchScreen_Generation[sdk=iphoneos*]" = YES;
				"INFOPLIST_KEY_UILaunchScreen_Generation[sdk=iphonesimulator*]" = YES;
				"INFOPLIST_KEY_UIStatusBarStyle[sdk=iphoneos*]" = UIStatusBarStyleDefault;
				"INFOPLIST_KEY_UIStatusBarStyle[sdk=iphonesimulator*]" = UIStatusBarStyleDefault;
				INFOPLIST_KEY_UISupportedInterfaceOrientations_iPad = "UIInterfaceOrientationPortrait UIInterfaceOrientationPortraitUpsideDown UIInterfaceOrientationLandscapeLeft UIInterfaceOrientationLandscapeRight";
				INFOPLIST_KEY_UISupportedInterfaceOrientations_iPhone = "UIInterfaceOrientationPortrait UIInterfaceOrientationLandscapeLeft UIInterfaceOrientationLandscapeRight";
				IPHONEOS_DEPLOYMENT_TARGET = 16.4;
				LD_RUNPATH_SEARCH_PATHS = "@executable_path/Frameworks";
				"LD_RUNPATH_SEARCH_PATHS[sdk=macosx*]" = "@executable_path/../Frameworks";
				MACOSX_DEPLOYMENT_TARGET = 13.3;
				MARKETING_VERSION = 1.0;
				PRODUCT_BUNDLE_IDENTIFIER = com.alexzarr.MoneyTracker;
				PRODUCT_NAME = "$(TARGET_NAME)";
				SDKROOT = auto;
				SUPPORTED_PLATFORMS = "iphoneos iphonesimulator macosx";
				SWIFT_EMIT_LOC_STRINGS = YES;
				SWIFT_VERSION = 5.0;
				TARGETED_DEVICE_FAMILY = "1,2";
			};
			name = Debug;
		};
		A7C47F772A5F5912000FB297 /* Release */ = {
			isa = XCBuildConfiguration;
			buildSettings = {
				ASSETCATALOG_COMPILER_APPICON_NAME = AppIcon;
				ASSETCATALOG_COMPILER_GLOBAL_ACCENT_COLOR_NAME = AccentColor;
				CODE_SIGN_ENTITLEMENTS = MoneyTracker/MoneyTracker.entitlements;
				CODE_SIGN_STYLE = Automatic;
				CURRENT_PROJECT_VERSION = 1;
				DEVELOPMENT_ASSET_PATHS = "\"MoneyTracker/Preview Content\"";
				DEVELOPMENT_TEAM = 7GX5656B4U;
				ENABLE_HARDENED_RUNTIME = YES;
				ENABLE_PREVIEWS = YES;
				GENERATE_INFOPLIST_FILE = YES;
				"INFOPLIST_KEY_UIApplicationSceneManifest_Generation[sdk=iphoneos*]" = YES;
				"INFOPLIST_KEY_UIApplicationSceneManifest_Generation[sdk=iphonesimulator*]" = YES;
				"INFOPLIST_KEY_UIApplicationSupportsIndirectInputEvents[sdk=iphoneos*]" = YES;
				"INFOPLIST_KEY_UIApplicationSupportsIndirectInputEvents[sdk=iphonesimulator*]" = YES;
				"INFOPLIST_KEY_UILaunchScreen_Generation[sdk=iphoneos*]" = YES;
				"INFOPLIST_KEY_UILaunchScreen_Generation[sdk=iphonesimulator*]" = YES;
				"INFOPLIST_KEY_UIStatusBarStyle[sdk=iphoneos*]" = UIStatusBarStyleDefault;
				"INFOPLIST_KEY_UIStatusBarStyle[sdk=iphonesimulator*]" = UIStatusBarStyleDefault;
				INFOPLIST_KEY_UISupportedInterfaceOrientations_iPad = "UIInterfaceOrientationPortrait UIInterfaceOrientationPortraitUpsideDown UIInterfaceOrientationLandscapeLeft UIInterfaceOrientationLandscapeRight";
				INFOPLIST_KEY_UISupportedInterfaceOrientations_iPhone = "UIInterfaceOrientationPortrait UIInterfaceOrientationLandscapeLeft UIInterfaceOrientationLandscapeRight";
				IPHONEOS_DEPLOYMENT_TARGET = 16.4;
				LD_RUNPATH_SEARCH_PATHS = "@executable_path/Frameworks";
				"LD_RUNPATH_SEARCH_PATHS[sdk=macosx*]" = "@executable_path/../Frameworks";
				MACOSX_DEPLOYMENT_TARGET = 13.3;
				MARKETING_VERSION = 1.0;
				PRODUCT_BUNDLE_IDENTIFIER = com.alexzarr.MoneyTracker;
				PRODUCT_NAME = "$(TARGET_NAME)";
				SDKROOT = auto;
				SUPPORTED_PLATFORMS = "iphoneos iphonesimulator macosx";
				SWIFT_EMIT_LOC_STRINGS = YES;
				SWIFT_VERSION = 5.0;
				TARGETED_DEVICE_FAMILY = "1,2";
			};
			name = Release;
		};
		A7C47F792A5F5912000FB297 /* Debug */ = {
			isa = XCBuildConfiguration;
			buildSettings = {
				ALWAYS_EMBED_SWIFT_STANDARD_LIBRARIES = YES;
				BUNDLE_LOADER = "$(TEST_HOST)";
				CODE_SIGN_STYLE = Automatic;
				CURRENT_PROJECT_VERSION = 1;
				DEVELOPMENT_TEAM = 7GX5656B4U;
				GENERATE_INFOPLIST_FILE = YES;
				IPHONEOS_DEPLOYMENT_TARGET = 16.4;
				MACOSX_DEPLOYMENT_TARGET = 13.3;
				MARKETING_VERSION = 1.0;
				PRODUCT_BUNDLE_IDENTIFIER = com.alexzarr.MoneyTrackerTests;
				PRODUCT_NAME = "$(TARGET_NAME)";
				SDKROOT = auto;
				SUPPORTED_PLATFORMS = "iphoneos iphonesimulator macosx";
				SWIFT_EMIT_LOC_STRINGS = NO;
				SWIFT_VERSION = 5.0;
				TARGETED_DEVICE_FAMILY = "1,2";
				TEST_HOST = "$(BUILT_PRODUCTS_DIR)/MoneyTracker.app/$(BUNDLE_EXECUTABLE_FOLDER_PATH)/MoneyTracker";
			};
			name = Debug;
		};
		A7C47F7A2A5F5912000FB297 /* Release */ = {
			isa = XCBuildConfiguration;
			buildSettings = {
				ALWAYS_EMBED_SWIFT_STANDARD_LIBRARIES = YES;
				BUNDLE_LOADER = "$(TEST_HOST)";
				CODE_SIGN_STYLE = Automatic;
				CURRENT_PROJECT_VERSION = 1;
				DEVELOPMENT_TEAM = 7GX5656B4U;
				GENERATE_INFOPLIST_FILE = YES;
				IPHONEOS_DEPLOYMENT_TARGET = 16.4;
				MACOSX_DEPLOYMENT_TARGET = 13.3;
				MARKETING_VERSION = 1.0;
				PRODUCT_BUNDLE_IDENTIFIER = com.alexzarr.MoneyTrackerTests;
				PRODUCT_NAME = "$(TARGET_NAME)";
				SDKROOT = auto;
				SUPPORTED_PLATFORMS = "iphoneos iphonesimulator macosx";
				SWIFT_EMIT_LOC_STRINGS = NO;
				SWIFT_VERSION = 5.0;
				TARGETED_DEVICE_FAMILY = "1,2";
				TEST_HOST = "$(BUILT_PRODUCTS_DIR)/MoneyTracker.app/$(BUNDLE_EXECUTABLE_FOLDER_PATH)/MoneyTracker";
			};
			name = Release;
		};
		A7C47F7C2A5F5912000FB297 /* Debug */ = {
			isa = XCBuildConfiguration;
			buildSettings = {
				ALWAYS_EMBED_SWIFT_STANDARD_LIBRARIES = YES;
				CODE_SIGN_STYLE = Automatic;
				CURRENT_PROJECT_VERSION = 1;
				DEVELOPMENT_TEAM = 7GX5656B4U;
				GENERATE_INFOPLIST_FILE = YES;
				IPHONEOS_DEPLOYMENT_TARGET = 16.4;
				MACOSX_DEPLOYMENT_TARGET = 13.3;
				MARKETING_VERSION = 1.0;
				PRODUCT_BUNDLE_IDENTIFIER = com.alexzarr.MoneyTrackerUITests;
				PRODUCT_NAME = "$(TARGET_NAME)";
				SDKROOT = auto;
				SUPPORTED_PLATFORMS = "iphoneos iphonesimulator macosx";
				SWIFT_EMIT_LOC_STRINGS = NO;
				SWIFT_VERSION = 5.0;
				TARGETED_DEVICE_FAMILY = "1,2";
				TEST_TARGET_NAME = MoneyTracker;
			};
			name = Debug;
		};
		A7C47F7D2A5F5912000FB297 /* Release */ = {
			isa = XCBuildConfiguration;
			buildSettings = {
				ALWAYS_EMBED_SWIFT_STANDARD_LIBRARIES = YES;
				CODE_SIGN_STYLE = Automatic;
				CURRENT_PROJECT_VERSION = 1;
				DEVELOPMENT_TEAM = 7GX5656B4U;
				GENERATE_INFOPLIST_FILE = YES;
				IPHONEOS_DEPLOYMENT_TARGET = 16.4;
				MACOSX_DEPLOYMENT_TARGET = 13.3;
				MARKETING_VERSION = 1.0;
				PRODUCT_BUNDLE_IDENTIFIER = com.alexzarr.MoneyTrackerUITests;
				PRODUCT_NAME = "$(TARGET_NAME)";
				SDKROOT = auto;
				SUPPORTED_PLATFORMS = "iphoneos iphonesimulator macosx";
				SWIFT_EMIT_LOC_STRINGS = NO;
				SWIFT_VERSION = 5.0;
				TARGETED_DEVICE_FAMILY = "1,2";
				TEST_TARGET_NAME = MoneyTracker;
			};
			name = Release;
		};
/* End XCBuildConfiguration section */

/* Begin XCConfigurationList section */
		A7C47F462A5F5910000FB297 /* Build configuration list for PBXProject "MoneyTracker" */ = {
			isa = XCConfigurationList;
			buildConfigurations = (
				A7C47F732A5F5912000FB297 /* Debug */,
				A7C47F742A5F5912000FB297 /* Release */,
			);
			defaultConfigurationIsVisible = 0;
			defaultConfigurationName = Release;
		};
		A7C47F752A5F5912000FB297 /* Build configuration list for PBXNativeTarget "MoneyTracker" */ = {
			isa = XCConfigurationList;
			buildConfigurations = (
				A7C47F762A5F5912000FB297 /* Debug */,
				A7C47F772A5F5912000FB297 /* Release */,
			);
			defaultConfigurationIsVisible = 0;
			defaultConfigurationName = Release;
		};
		A7C47F782A5F5912000FB297 /* Build configuration list for PBXNativeTarget "MoneyTrackerTests" */ = {
			isa = XCConfigurationList;
			buildConfigurations = (
				A7C47F792A5F5912000FB297 /* Debug */,
				A7C47F7A2A5F5912000FB297 /* Release */,
			);
			defaultConfigurationIsVisible = 0;
			defaultConfigurationName = Release;
		};
		A7C47F7B2A5F5912000FB297 /* Build configuration list for PBXNativeTarget "MoneyTrackerUITests" */ = {
			isa = XCConfigurationList;
			buildConfigurations = (
				A7C47F7C2A5F5912000FB297 /* Debug */,
				A7C47F7D2A5F5912000FB297 /* Release */,
			);
			defaultConfigurationIsVisible = 0;
			defaultConfigurationName = Release;
		};
/* End XCConfigurationList section */

/* Begin XCVersionGroup section */
		A7C47F522A5F5911000FB297 /* MoneyTracker.xcdatamodeld */ = {
			isa = XCVersionGroup;
			children = (
				A7C47F532A5F5911000FB297 /* MoneyTracker.xcdatamodel */,
			);
			currentVersion = A7C47F532A5F5911000FB297 /* MoneyTracker.xcdatamodel */;
			path = MoneyTracker.xcdatamodeld;
			sourceTree = "<group>";
			versionGroupType = wrapper.xcdatamodel;
		};
/* End XCVersionGroup section */
	};
	rootObject = A7C47F432A5F5910000FB297 /* Project object */;
}
